
Microsoft Visual Studio Solution File, Format Version 12.00
# Visual Studio Version 17
VisualStudioVersion = 17.0.31903.59
MinimumVisualStudioVersion = 10.0.40219.1
Project("{FAE04EC0-301F-11D3-BF4B-00C04F79EFBC}") = "newtalents", "NewTalents\newtalents.csproj", "{7DE4D4C2-453A-41F9-95D6-CA9A38726F4F}"
EndProject
Project("{FAE04EC0-301F-11D3-BF4B-00C04F79EFBC}") = "testenewtalents", "TesteNewTalents\testenewtalents.csproj", "{551E5D4A-C1F2-42BD-AE9A-35F1F0D40E38}"
EndProject
Global
	GlobalSection(SolutionConfigurationPlatforms) = preSolution
		Debug|Any CPU = Debug|Any CPU
		Release|Any CPU = Release|Any CPU
	EndGlobalSection
	GlobalSection(SolutionProperties) = preSolution
		HideSolutionNode = FALSE
	EndGlobalSection
	GlobalSection(ProjectConfigurationPlatforms) = postSolution
		{7DE4D4C2-453A-41F9-95D6-CA9A38726F4F}.Debug|Any CPU.ActiveCfg = Debug|Any CPU
		{7DE4D4C2-453A-41F9-95D6-CA9A38726F4F}.Debug|Any CPU.Build.0 = Debug|Any CPU
		{7DE4D4C2-453A-41F9-95D6-CA9A38726F4F}.Release|Any CPU.ActiveCfg = Release|Any CPU
		{7DE4D4C2-453A-41F9-95D6-CA9A38726F4F}.Release|Any CPU.Build.0 = Release|Any CPU
		{551E5D4A-C1F2-42BD-AE9A-35F1F0D40E38}.Debug|Any CPU.ActiveCfg = Debug|Any CPU
		{551E5D4A-C1F2-42BD-AE9A-35F1F0D40E38}.Debug|Any CPU.Build.0 = Debug|Any CPU
		{551E5D4A-C1F2-42BD-AE9A-35F1F0D40E38}.Release|Any CPU.ActiveCfg = Release|Any CPU
		{551E5D4A-C1F2-42BD-AE9A-35F1F0D40E38}.Release|Any CPU.Build.0 = Release|Any CPU
	EndGlobalSection
EndGlobal
